
Microsoft Visual Studio Solution File, Format Version 12.00
Project("{FAE04EC0-301F-11D3-BF4B-00C04F79EFBC}") = "PTADKeygen", "PTADKeygen.csproj", "{ACC9A4B0-F763-4434-88D3-2E29FCAD1867}"
EndProject
Global
	GlobalSection(SolutionConfigurationPlatforms) = preSolution
		Debug|Any CPU = Debug|Any CPU
		Release|Any CPU = Release|Any CPU
	EndGlobalSection
	GlobalSection(ProjectConfigurationPlatforms) = postSolution
		{ACC9A4B0-F763-4434-88D3-2E29FCAD1867}.Debug|Any CPU.ActiveCfg = Debug|Any CPU
		{ACC9A4B0-F763-4434-88D3-2E29FCAD1867}.Debug|Any CPU.Build.0 = Debug|Any CPU
		{ACC9A4B0-F763-4434-88D3-2E29FCAD1867}.Release|Any CPU.ActiveCfg = Release|Any CPU
		{ACC9A4B0-F763-4434-88D3-2E29FCAD1867}.Release|Any CPU.Build.0 = Release|Any CPU
	EndGlobalSection
EndGlobal
